
Microsoft Visual Studio Solution File, Format Version 12.00
# Visual Studio Version 16
VisualStudioVersion = 16.0.29215.179
MinimumVisualStudioVersion = 10.0.40219.1
Project("{FAE04EC0-301F-11D3-BF4B-00C04F79EFBC}") = "Memory", "Memory.csproj", "{6ECA9DB9-1070-4441-A9AB-BC2B25B6CD75}"
EndProject
Global
	GlobalSection(SolutionConfigurationPlatforms) = preSolution
		Debug|Any CPU = Debug|Any CPU
		Release|Any CPU = Release|Any CPU
	EndGlobalSection
	GlobalSection(ProjectConfigurationPlatforms) = postSolution
		{6ECA9DB9-1070-4441-A9AB-BC2B25B6CD75}.Debug|Any CPU.ActiveCfg = Debug|Any CPU
		{6ECA9DB9-1070-4441-A9AB-BC2B25B6CD75}.Debug|Any CPU.Build.0 = Debug|Any CPU
		{6ECA9DB9-1070-4441-A9AB-BC2B25B6CD75}.Release|Any CPU.ActiveCfg = Release|Any CPU
		{6ECA9DB9-1070-4441-A9AB-BC2B25B6CD75}.Release|Any CPU.Build.0 = Release|Any CPU
	EndGlobalSection
	GlobalSection(SolutionProperties) = preSolution
		HideSolutionNode = FALSE
	EndGlobalSection
	GlobalSection(ExtensibilityGlobals) = postSolution
		SolutionGuid = {2506B2C1-1BBE-4885-92F6-D930B7DF55D0}
	EndGlobalSection
EndGlobal
